
Microsoft Visual Studio Solution File, Format Version 12.00
# Visual Studio Version 17
VisualStudioVersion = 17.13.35825.156 d17.13
MinimumVisualStudioVersion = 10.0.40219.1
Project("{FAE04EC0-301F-11D3-BF4B-00C04F79EFBC}") = "Todo.Core", "Todo.Core\Todo.Core.csproj", "{AF0F807D-7F51-4327-9CC4-E588ACD9BF39}"
EndProject
Project("{FAE04EC0-301F-11D3-BF4B-00C04F79EFBC}") = "Todo.Core.Tests", "Todo.Core.Tests\Todo.Core.Tests.csproj", "{13CAB393-9CFC-4C99-AF43-90BF00A3DF17}"
EndProject
Project("{2150E333-8FDC-42A3-9474-1A3956D46DE8}") = ".github", ".github", "{36D591C7-65C7-A0D1-1CBC-10CDE441BDC8}"
EndProject
Project("{2150E333-8FDC-42A3-9474-1A3956D46DE8}") = "workflows", "workflows", "{A6760106-6152-4D7E-8646-0ABAD06006DC}"
	ProjectSection(SolutionItems) = preProject
		ci.yml = ci.yml
		publish-package.yml = publish-package.yml
	EndProjectSection
EndProject
Global
	GlobalSection(SolutionConfigurationPlatforms) = preSolution
		Debug|Any CPU = Debug|Any CPU
		Release|Any CPU = Release|Any CPU
	EndGlobalSection
	GlobalSection(ProjectConfigurationPlatforms) = postSolution
		{AF0F807D-7F51-4327-9CC4-E588ACD9BF39}.Debug|Any CPU.ActiveCfg = Debug|Any CPU
		{AF0F807D-7F51-4327-9CC4-E588ACD9BF39}.Debug|Any CPU.Build.0 = Debug|Any CPU
		{AF0F807D-7F51-4327-9CC4-E588ACD9BF39}.Release|Any CPU.ActiveCfg = Release|Any CPU
		{AF0F807D-7F51-4327-9CC4-E588ACD9BF39}.Release|Any CPU.Build.0 = Release|Any CPU
		{13CAB393-9CFC-4C99-AF43-90BF00A3DF17}.Debug|Any CPU.ActiveCfg = Debug|Any CPU
		{13CAB393-9CFC-4C99-AF43-90BF00A3DF17}.Debug|Any CPU.Build.0 = Debug|Any CPU
		{13CAB393-9CFC-4C99-AF43-90BF00A3DF17}.Release|Any CPU.ActiveCfg = Release|Any CPU
		{13CAB393-9CFC-4C99-AF43-90BF00A3DF17}.Release|Any CPU.Build.0 = Release|Any CPU
	EndGlobalSection
	GlobalSection(SolutionProperties) = preSolution
		HideSolutionNode = FALSE
	EndGlobalSection
	GlobalSection(NestedProjects) = preSolution
		{A6760106-6152-4D7E-8646-0ABAD06006DC} = {36D591C7-65C7-A0D1-1CBC-10CDE441BDC8}
	EndGlobalSection
	GlobalSection(ExtensibilityGlobals) = postSolution
		SolutionGuid = {85D97EA5-DE6C-4A16-B7CB-4136B76C3581}
	EndGlobalSection
EndGlobal
